// !$*UTF8*$!
{
	archiveVersion = 1;
	classes = {
	};
	objectVersion = 46;
	objects = {

/* Begin PBXBuildFile section */
		5001D52D18321B620074C146 /* Default-568h@2x.png in Resources */ = {isa = PBXBuildFile; fileRef = 5001D52C18321B620074C146 /* Default-568h@2x.png */; };
		505839AC1590CEF1007C9675 /* ImageIO.framework in Frameworks */ = {isa = PBXBuildFile; fileRef = 505839AB1590CEF1007C9675 /* ImageIO.framework */; };
		505AE87F14ED648D00BBFC05 /* UIKit.framework in Frameworks */ = {isa = PBXBuildFile; fileRef = 505AE87E14ED648D00BBFC05 /* UIKit.framework */; };
		505AE88114ED648D00BBFC05 /* Foundation.framework in Frameworks */ = {isa = PBXBuildFile; fileRef = 505AE88014ED648D00BBFC05 /* Foundation.framework */; };
		505AE88314ED648D00BBFC05 /* CoreGraphics.framework in Frameworks */ = {isa = PBXBuildFile; fileRef = 505AE88214ED648D00BBFC05 /* CoreGraphics.framework */; };
		505AE88914ED648D00BBFC05 /* InfoPlist.strings in Resources */ = {isa = PBXBuildFile; fileRef = 505AE88714ED648D00BBFC05 /* InfoPlist.strings */; };
		505AE88B14ED648D00BBFC05 /* main.m in Sources */ = {isa = PBXBuildFile; fileRef = 505AE88A14ED648D00BBFC05 /* main.m */; };
		505AE88F14ED648D00BBFC05 /* PTAppDelegate.m in Sources */ = {isa = PBXBuildFile; fileRef = 505AE88E14ED648D00BBFC05 /* PTAppDelegate.m */; };
		505AE92E14ED707500BBFC05 /* PTImageAlbumViewController.m in Sources */ = {isa = PBXBuildFile; fileRef = 505AE92D14ED707500BBFC05 /* PTImageAlbumViewController.m */; };
		508F7CEA14EE9318000140D6 /* PTImageAlbumView.m in Sources */ = {isa = PBXBuildFile; fileRef = 508F7CE914EE9318000140D6 /* PTImageAlbumView.m */; };
		508F81F614EE763A0002881F /* PTDemoViewController.m in Sources */ = {isa = PBXBuildFile; fileRef = 508F81F514EE763A0002881F /* PTDemoViewController.m */; };
		50C44D641832427800256969 /* PT_CaptionedPhotoView.m in Sources */ = {isa = PBXBuildFile; fileRef = 50C44D611832427800256969 /* PT_CaptionedPhotoView.m */; };
		50C44D651832427800256969 /* PT_NetworkPhotoAlbumViewController.m in Sources */ = {isa = PBXBuildFile; fileRef = 50C44D631832427800256969 /* PT_NetworkPhotoAlbumViewController.m */; };
		DF5B413E88BF41B783EABCD1 /* libPods.a in Frameworks */ = {isa = PBXBuildFile; fileRef = 77428025E95044AD80360BAD /* libPods.a */; };
/* End PBXBuildFile section */

/* Begin PBXFileReference section */
		5001D52C18321B620074C146 /* Default-568h@2x.png */ = {isa = PBXFileReference; lastKnownFileType = image.png; path = "Default-568h@2x.png"; sourceTree = "<group>"; };
		505839AB1590CEF1007C9675 /* ImageIO.framework */ = {isa = PBXFileReference; lastKnownFileType = wrapper.framework; name = ImageIO.framework; path = System/Library/Frameworks/ImageIO.framework; sourceTree = SDKROOT; };
		505AE87A14ED648D00BBFC05 /* AlbumDemo.app */ = {isa = PBXFileReference; explicitFileType = wrapper.application; includeInIndex = 0; path = AlbumDemo.app; sourceTree = BUILT_PRODUCTS_DIR; };
		505AE87E14ED648D00BBFC05 /* UIKit.framework */ = {isa = PBXFileReference; lastKnownFileType = wrapper.framework; name = UIKit.framework; path = System/Library/Frameworks/UIKit.framework; sourceTree = SDKROOT; };
		505AE88014ED648D00BBFC05 /* Foundation.framework */ = {isa = PBXFileReference; lastKnownFileType = wrapper.framework; name = Foundation.framework; path = System/Library/Frameworks/Foundation.framework; sourceTree = SDKROOT; };
		505AE88214ED648D00BBFC05 /* CoreGraphics.framework */ = {isa = PBXFileReference; lastKnownFileType = wrapper.framework; name = CoreGraphics.framework; path = System/Library/Frameworks/CoreGraphics.framework; sourceTree = SDKROOT; };
		505AE88614ED648D00BBFC05 /* AlbumDemo-Info.plist */ = {isa = PBXFileReference; lastKnownFileType = text.plist.xml; path = "AlbumDemo-Info.plist"; sourceTree = "<group>"; };
		505AE88814ED648D00BBFC05 /* en */ = {isa = PBXFileReference; lastKnownFileType = text.plist.strings; name = en; path = en.lproj/InfoPlist.strings; sourceTree = "<group>"; };
		505AE88A14ED648D00BBFC05 /* main.m */ = {isa = PBXFileReference; lastKnownFileType = sourcecode.c.objc; path = main.m; sourceTree = "<group>"; };
		505AE88C14ED648D00BBFC05 /* AlbumDemo-Prefix.pch */ = {isa = PBXFileReference; lastKnownFileType = sourcecode.c.h; path = "AlbumDemo-Prefix.pch"; sourceTree = "<group>"; };
		505AE88D14ED648D00BBFC05 /* PTAppDelegate.h */ = {isa = PBXFileReference; lastKnownFileType = sourcecode.c.h; path = PTAppDelegate.h; sourceTree = "<group>"; };
		505AE88E14ED648D00BBFC05 /* PTAppDelegate.m */ = {isa = PBXFileReference; lastKnownFileType = sourcecode.c.objc; path = PTAppDelegate.m; sourceTree = "<group>"; };
		505AE92C14ED707500BBFC05 /* PTImageAlbumViewController.h */ = {isa = PBXFileReference; fileEncoding = 4; lastKnownFileType = sourcecode.c.h; path = PTImageAlbumViewController.h; sourceTree = "<group>"; };
		505AE92D14ED707500BBFC05 /* PTImageAlbumViewController.m */ = {isa = PBXFileReference; fileEncoding = 4; lastKnownFileType = sourcecode.c.objc; path = PTImageAlbumViewController.m; sourceTree = "<group>"; };
		508F7CE814EE9318000140D6 /* PTImageAlbumView.h */ = {isa = PBXFileReference; fileEncoding = 4; lastKnownFileType = sourcecode.c.h; path = PTImageAlbumView.h; sourceTree = "<group>"; };
		508F7CE914EE9318000140D6 /* PTImageAlbumView.m */ = {isa = PBXFileReference; fileEncoding = 4; lastKnownFileType = sourcecode.c.objc; path = PTImageAlbumView.m; sourceTree = "<group>"; };
		508F7CEB14EE93C5000140D6 /* PTImageAlbumViewDataSource.h */ = {isa = PBXFileReference; fileEncoding = 4; lastKnownFileType = sourcecode.c.h; path = PTImageAlbumViewDataSource.h; sourceTree = "<group>"; };
		508F81F414EE763A0002881F /* PTDemoViewController.h */ = {isa = PBXFileReference; fileEncoding = 4; lastKnownFileType = sourcecode.c.h; path = PTDemoViewController.h; sourceTree = "<group>"; };
		508F81F514EE763A0002881F /* PTDemoViewController.m */ = {isa = PBXFileReference; fileEncoding = 4; lastKnownFileType = sourcecode.c.objc; path = PTDemoViewController.m; sourceTree = "<group>"; };
		50B6F3B516B04F02004F4918 /* PTImageAlbumViewDelegate.h */ = {isa = PBXFileReference; fileEncoding = 4; lastKnownFileType = sourcecode.c.h; path = PTImageAlbumViewDelegate.h; sourceTree = "<group>"; };
		50C44D601832427800256969 /* PT_CaptionedPhotoView.h */ = {isa = PBXFileReference; fileEncoding = 4; lastKnownFileType = sourcecode.c.h; path = PT_CaptionedPhotoView.h; sourceTree = "<group>"; };
		50C44D611832427800256969 /* PT_CaptionedPhotoView.m */ = {isa = PBXFileReference; fileEncoding = 4; lastKnownFileType = sourcecode.c.objc; path = PT_CaptionedPhotoView.m; sourceTree = "<group>"; };
		50C44D621832427800256969 /* PT_NetworkPhotoAlbumViewController.h */ = {isa = PBXFileReference; fileEncoding = 4; lastKnownFileType = sourcecode.c.h; path = PT_NetworkPhotoAlbumViewController.h; sourceTree = "<group>"; };
		50C44D631832427800256969 /* PT_NetworkPhotoAlbumViewController.m */ = {isa = PBXFileReference; fileEncoding = 4; lastKnownFileType = sourcecode.c.objc; path = PT_NetworkPhotoAlbumViewController.m; sourceTree = "<group>"; };
		77428025E95044AD80360BAD /* libPods.a */ = {isa = PBXFileReference; explicitFileType = archive.ar; includeInIndex = 0; path = libPods.a; sourceTree = BUILT_PRODUCTS_DIR; };
		A683CF6CE12042AFB64675CD /* Pods.xcconfig */ = {isa = PBXFileReference; includeInIndex = 1; lastKnownFileType = text.xcconfig; name = Pods.xcconfig; path = Pods/Pods.xcconfig; sourceTree = "<group>"; };
/* End PBXFileReference section */

/* Begin PBXFrameworksBuildPhase section */
		505AE87714ED648D00BBFC05 /* Frameworks */ = {
			isa = PBXFrameworksBuildPhase;
			buildActionMask = 2147483647;
			files = (
				505839AC1590CEF1007C9675 /* ImageIO.framework in Frameworks */,
				505AE87F14ED648D00BBFC05 /* UIKit.framework in Frameworks */,
				505AE88114ED648D00BBFC05 /* Foundation.framework in Frameworks */,
				505AE88314ED648D00BBFC05 /* CoreGraphics.framework in Frameworks */,
				DF5B413E88BF41B783EABCD1 /* libPods.a in Frameworks */,
			);
			runOnlyForDeploymentPostprocessing = 0;
		};
/* End PBXFrameworksBuildPhase section */

/* Begin PBXGroup section */
		505AE86F14ED648D00BBFC05 = {
			isa = PBXGroup;
			children = (
				5001D52C18321B620074C146 /* Default-568h@2x.png */,
				505AE88414ED648D00BBFC05 /* AlbumDemo */,
				505AE89914ED64ED00BBFC05 /* PTImageAlbumViewController */,
				505AE87D14ED648D00BBFC05 /* Frameworks */,
				505AE87B14ED648D00BBFC05 /* Products */,
				A683CF6CE12042AFB64675CD /* Pods.xcconfig */,
			);
			sourceTree = "<group>";
		};
		505AE87B14ED648D00BBFC05 /* Products */ = {
			isa = PBXGroup;
			children = (
				505AE87A14ED648D00BBFC05 /* AlbumDemo.app */,
			);
			name = Products;
			sourceTree = "<group>";
		};
		505AE87D14ED648D00BBFC05 /* Frameworks */ = {
			isa = PBXGroup;
			children = (
				505839AB1590CEF1007C9675 /* ImageIO.framework */,
				505AE87E14ED648D00BBFC05 /* UIKit.framework */,
				505AE88014ED648D00BBFC05 /* Foundation.framework */,
				505AE88214ED648D00BBFC05 /* CoreGraphics.framework */,
				77428025E95044AD80360BAD /* libPods.a */,
			);
			name = Frameworks;
			sourceTree = "<group>";
		};
		505AE88414ED648D00BBFC05 /* AlbumDemo */ = {
			isa = PBXGroup;
			children = (
				505AE88D14ED648D00BBFC05 /* PTAppDelegate.h */,
				505AE88E14ED648D00BBFC05 /* PTAppDelegate.m */,
				508F81F414EE763A0002881F /* PTDemoViewController.h */,
				508F81F514EE763A0002881F /* PTDemoViewController.m */,
				505AE88514ED648D00BBFC05 /* Supporting Files */,
			);
			path = AlbumDemo;
			sourceTree = "<group>";
		};
		505AE88514ED648D00BBFC05 /* Supporting Files */ = {
			isa = PBXGroup;
			children = (
				505AE88614ED648D00BBFC05 /* AlbumDemo-Info.plist */,
				505AE88714ED648D00BBFC05 /* InfoPlist.strings */,
				505AE88A14ED648D00BBFC05 /* main.m */,
				505AE88C14ED648D00BBFC05 /* AlbumDemo-Prefix.pch */,
			);
			name = "Supporting Files";
			sourceTree = "<group>";
		};
		505AE89914ED64ED00BBFC05 /* PTImageAlbumViewController */ = {
			isa = PBXGroup;
			children = (
				505AE92C14ED707500BBFC05 /* PTImageAlbumViewController.h */,
				505AE92D14ED707500BBFC05 /* PTImageAlbumViewController.m */,
				508F7CE814EE9318000140D6 /* PTImageAlbumView.h */,
				508F7CE914EE9318000140D6 /* PTImageAlbumView.m */,
				50B6F3B516B04F02004F4918 /* PTImageAlbumViewDelegate.h */,
				508F7CEB14EE93C5000140D6 /* PTImageAlbumViewDataSource.h */,
				50C44D601832427800256969 /* PT_CaptionedPhotoView.h */,
				50C44D611832427800256969 /* PT_CaptionedPhotoView.m */,
				50C44D621832427800256969 /* PT_NetworkPhotoAlbumViewController.h */,
				50C44D631832427800256969 /* PT_NetworkPhotoAlbumViewController.m */,
			);
			name = PTImageAlbumViewController;
			path = ../../PTImageAlbumViewController;
			sourceTree = "<group>";
		};
/* End PBXGroup section */

/* Begin PBXNativeTarget section */
		505AE87914ED648D00BBFC05 /* AlbumDemo */ = {
			isa = PBXNativeTarget;
			buildConfigurationList = 505AE89214ED648D00BBFC05 /* Build configuration list for PBXNativeTarget "AlbumDemo" */;
			buildPhases = (
				EEE49063F0754327B3660DDE /* Check Pods Manifest.lock */,
				505AE87614ED648D00BBFC05 /* Sources */,
				505AE87714ED648D00BBFC05 /* Frameworks */,
				505AE87814ED648D00BBFC05 /* Resources */,
				CE13A218C99A447BA0EBAED9 /* Copy Pods Resources */,
			);
			buildRules = (
			);
			dependencies = (
			);
			name = AlbumDemo;
			productName = AlbumDemo;
			productReference = 505AE87A14ED648D00BBFC05 /* AlbumDemo.app */;
			productType = "com.apple.product-type.application";
		};
/* End PBXNativeTarget section */

/* Begin PBXProject section */
		505AE87114ED648D00BBFC05 /* Project object */ = {
			isa = PBXProject;
			attributes = {
				LastUpgradeCheck = 0500;
				ORGANIZATIONNAME = "Apex-net srl";
			};
			buildConfigurationList = 505AE87414ED648D00BBFC05 /* Build configuration list for PBXProject "AlbumDemo" */;
			compatibilityVersion = "Xcode 3.2";
			developmentRegion = English;
			hasScannedForEncodings = 0;
			knownRegions = (
				en,
			);
			mainGroup = 505AE86F14ED648D00BBFC05;
			productRefGroup = 505AE87B14ED648D00BBFC05 /* Products */;
			projectDirPath = "";
			projectRoot = "";
			targets = (
				505AE87914ED648D00BBFC05 /* AlbumDemo */,
			);
		};
/* End PBXProject section */

/* Begin PBXResourcesBuildPhase section */
		505AE87814ED648D00BBFC05 /* Resources */ = {
			isa = PBXResourcesBuildPhase;
			buildActionMask = 2147483647;
			files = (
				505AE88914ED648D00BBFC05 /* InfoPlist.strings in Resources */,
				5001D52D18321B620074C146 /* Default-568h@2x.png in Resources */,
			);
			runOnlyForDeploymentPostprocessing = 0;
		};
/* End PBXResourcesBuildPhase section */

/* Begin PBXShellScriptBuildPhase section */
		CE13A218C99A447BA0EBAED9 /* Copy Pods Resources */ = {
			isa = PBXShellScriptBuildPhase;
			buildActionMask = 2147483647;
			files = (
			);
			inputPaths = (
			);
			name = "Copy Pods Resources";
			outputPaths = (
			);
			runOnlyForDeploymentPostprocessing = 0;
			shellPath = /bin/sh;
			shellScript = "\"${SRCROOT}/Pods/Pods-resources.sh\"\n";
			showEnvVarsInLog = 0;
		};
		EEE49063F0754327B3660DDE /* Check Pods Manifest.lock */ = {
			isa = PBXShellScriptBuildPhase;
			buildActionMask = 2147483647;
			files = (
			);
			inputPaths = (
			);
			name = "Check Pods Manifest.lock";
			outputPaths = (
			);
			runOnlyForDeploymentPostprocessing = 0;
			shellPath = /bin/sh;
			shellScript = "diff \"${PODS_ROOT}/../Podfile.lock\" \"${PODS_ROOT}/Manifest.lock\" > /dev/null\nif [[ $? != 0 ]] ; then\n    cat << EOM\nerror: The sandbox is not in sync with the Podfile.lock. Run 'pod install' or update your CocoaPods installation.\nEOM\n    exit 1\nfi\n";
			showEnvVarsInLog = 0;
		};
/* End PBXShellScriptBuildPhase section */

/* Begin PBXSourcesBuildPhase section */
		505AE87614ED648D00BBFC05 /* Sources */ = {
			isa = PBXSourcesBuildPhase;
			buildActionMask = 2147483647;
			files = (
				505AE88B14ED648D00BBFC05 /* main.m in Sources */,
				505AE88F14ED648D00BBFC05 /* PTAppDelegate.m in Sources */,
				505AE92E14ED707500BBFC05 /* PTImageAlbumViewController.m in Sources */,
				508F81F614EE763A0002881F /* PTDemoViewController.m in Sources */,
				508F7CEA14EE9318000140D6 /* PTImageAlbumView.m in Sources */,
				50C44D641832427800256969 /* PT_CaptionedPhotoView.m in Sources */,
				50C44D651832427800256969 /* PT_NetworkPhotoAlbumViewController.m in Sources */,
			);
			runOnlyForDeploymentPostprocessing = 0;
		};
/* End PBXSourcesBuildPhase section */

/* Begin PBXVariantGroup section */
		505AE88714ED648D00BBFC05 /* InfoPlist.strings */ = {
			isa = PBXVariantGroup;
			children = (
				505AE88814ED648D00BBFC05 /* en */,
			);
			name = InfoPlist.strings;
			sourceTree = "<group>";
		};
/* End PBXVariantGroup section */

/* Begin XCBuildConfiguration section */
		505AE89014ED648D00BBFC05 /* Debug */ = {
			isa = XCBuildConfiguration;
			buildSettings = {
				ALWAYS_SEARCH_USER_PATHS = NO;
				CLANG_ENABLE_OBJC_ARC = YES;
				CLANG_WARN_BOOL_CONVERSION = YES;
				CLANG_WARN_CONSTANT_CONVERSION = YES;
				CLANG_WARN_EMPTY_BODY = YES;
				CLANG_WARN_ENUM_CONVERSION = YES;
				CLANG_WARN_INT_CONVERSION = YES;
				CLANG_WARN__DUPLICATE_METHOD_MATCH = YES;
				"CODE_SIGN_IDENTITY[sdk=iphoneos*]" = "iPhone Developer";
				COPY_PHASE_STRIP = NO;
				GCC_C_LANGUAGE_STANDARD = gnu99;
				GCC_DYNAMIC_NO_PIC = NO;
				GCC_OPTIMIZATION_LEVEL = 0;
				GCC_PREPROCESSOR_DEFINITIONS = (
					"DEBUG=1",
					"$(inherited)",
				);
				GCC_SYMBOLS_PRIVATE_EXTERN = NO;
				GCC_VERSION = com.apple.compilers.llvm.clang.1_0;
				GCC_WARN_64_TO_32_BIT_CONVERSION = YES;
				GCC_WARN_ABOUT_MISSING_PROTOTYPES = YES;
				GCC_WARN_ABOUT_RETURN_TYPE = YES;
				GCC_WARN_UNDECLARED_SELECTOR = YES;
				GCC_WARN_UNINITIALIZED_AUTOS = YES;
				GCC_WARN_UNUSED_FUNCTION = YES;
				GCC_WARN_UNUSED_VARIABLE = YES;
				IPHONEOS_DEPLOYMENT_TARGET = 5.0;
				ONLY_ACTIVE_ARCH = YES;
				SDKROOT = iphoneos;
				TARGETED_DEVICE_FAMILY = "1,2";
			};
			name = Debug;
		};
		505AE89114ED648D00BBFC05 /* Release */ = {
			isa = XCBuildConfiguration;
			buildSettings = {
				ALWAYS_SEARCH_USER_PATHS = NO;
				CLANG_ENABLE_OBJC_ARC = YES;
				CLANG_WARN_BOOL_CONVERSION = YES;
				CLANG_WARN_CONSTANT_CONVERSION = YES;
				CLANG_WARN_EMPTY_BODY = YES;
				CLANG_WARN_ENUM_CONVERSION = YES;
				CLANG_WARN_INT_CONVERSION = YES;
				CLANG_WARN__DUPLICATE_METHOD_MATCH = YES;
				"CODE_SIGN_IDENTITY[sdk=iphoneos*]" = "iPhone Developer";
				COPY_PHASE_STRIP = YES;
				GCC_C_LANGUAGE_STANDARD = gnu99;
				GCC_VERSION = com.apple.compilers.llvm.clang.1_0;
				GCC_WARN_64_TO_32_BIT_CONVERSION = YES;
				GCC_WARN_ABOUT_MISSING_PROTOTYPES = YES;
				GCC_WARN_ABOUT_RETURN_TYPE = YES;
				GCC_WARN_UNDECLARED_SELECTOR = YES;
				GCC_WARN_UNINITIALIZED_AUTOS = YES;
				GCC_WARN_UNUSED_FUNCTION = YES;
				GCC_WARN_UNUSED_VARIABLE = YES;
				IPHONEOS_DEPLOYMENT_TARGET = 5.0;
				OTHER_CFLAGS = "-DNS_BLOCK_ASSERTIONS=1";
				"PROVISIONING_PROFILE[sdk=iphoneos*]" = "";
				SDKROOT = iphoneos;
				TARGETED_DEVICE_FAMILY = "1,2";
				VALIDATE_PRODUCT = YES;
			};
			name = Release;
		};
		505AE89314ED648D00BBFC05 /* Debug */ = {
			isa = XCBuildConfiguration;
			baseConfigurationReference = A683CF6CE12042AFB64675CD /* Pods.xcconfig */;
			buildSettings = {
				CLANG_ENABLE_OBJC_ARC = YES;
				GCC_PRECOMPILE_PREFIX_HEADER = YES;
				GCC_PREFIX_HEADER = "AlbumDemo/AlbumDemo-Prefix.pch";
				INFOPLIST_FILE = "AlbumDemo/AlbumDemo-Info.plist";
				PRODUCT_NAME = "$(TARGET_NAME)";
				WRAPPER_EXTENSION = app;
			};
			name = Debug;
		};
		505AE89414ED648D00BBFC05 /* Release */ = {
			isa = XCBuildConfiguration;
			baseConfigurationReference = A683CF6CE12042AFB64675CD /* Pods.xcconfig */;
			buildSettings = {
				CLANG_ENABLE_OBJC_ARC = YES;
				GCC_PRECOMPILE_PREFIX_HEADER = YES;
				GCC_PREFIX_HEADER = "AlbumDemo/AlbumDemo-Prefix.pch";
				INFOPLIST_FILE = "AlbumDemo/AlbumDemo-Info.plist";
				PRODUCT_NAME = "$(TARGET_NAME)";
				WRAPPER_EXTENSION = app;
			};
			name = Release;
		};
/* End XCBuildConfiguration section */

/* Begin XCConfigurationList section */
		505AE87414ED648D00BBFC05 /* Build configuration list for PBXProject "AlbumDemo" */ = {
			isa = XCConfigurationList;
			buildConfigurations = (
				505AE89014ED648D00BBFC05 /* Debug */,
				505AE89114ED648D00BBFC05 /* Release */,
			);
			defaultConfigurationIsVisible = 0;
			defaultConfigurationName = Release;
		};
		505AE89214ED648D00BBFC05 /* Build configuration list for PBXNativeTarget "AlbumDemo" */ = {
			isa = XCConfigurationList;
			buildConfigurations = (
				505AE89314ED648D00BBFC05 /* Debug */,
				505AE89414ED648D00BBFC05 /* Release */,
			);
			defaultConfigurationIsVisible = 0;
			defaultConfigurationName = Release;
		};
/* End XCConfigurationList section */
	};
	rootObject = 505AE87114ED648D00BBFC05 /* Project object */;
}
